// !$*UTF8*$!
{
	archiveVersion = 1;
	classes = {
	};
	objectVersion = 46;
	objects = {

/* Begin PBXBuildFile section */
		D664945B1DA2B9FF000F89D1 /* main.m in Sources */ = {isa = PBXBuildFile; fileRef = D664945A1DA2B9FF000F89D1 /* main.m */; };
		D664945E1DA2B9FF000F89D1 /* AppDelegate.m in Sources */ = {isa = PBXBuildFile; fileRef = D664945D1DA2B9FF000F89D1 /* AppDelegate.m */; };
		D66494611DA2B9FF000F89D1 /* ViewController.m in Sources */ = {isa = PBXBuildFile; fileRef = D66494601DA2B9FF000F89D1 /* ViewController.m */; settings = {COMPILER_FLAGS = "-fno-objc-arc"; }; };
		D66494641DA2BA00000F89D1 /* Main.storyboard in Resources */ = {isa = PBXBuildFile; fileRef = D66494621DA2BA00000F89D1 /* Main.storyboard */; };
		D66494661DA2BA00000F89D1 /* Assets.xcassets in Resources */ = {isa = PBXBuildFile; fileRef = D66494651DA2BA00000F89D1 /* Assets.xcassets */; };
		D66494691DA2BA00000F89D1 /* LaunchScreen.storyboard in Resources */ = {isa = PBXBuildFile; fileRef = D66494671DA2BA00000F89D1 /* LaunchScreen.storyboard */; };
		D66494721DA2CA14000F89D1 /* CoreGraphics.framework in Frameworks */ = {isa = PBXBuildFile; fileRef = D66494711DA2CA14000F89D1 /* CoreGraphics.framework */; };
		D66494741DA2CA4F000F89D1 /* UIKit.framework in Frameworks */ = {isa = PBXBuildFile; fileRef = D66494731DA2CA4F000F89D1 /* UIKit.framework */; };
/* End PBXBuildFile section */

/* Begin PBXFileReference section */
		D66494561DA2B9FF000F89D1 /* Dizainer.app */ = {isa = PBXFileReference; explicitFileType = wrapper.application; includeInIndex = 0; path = Dizainer.app; sourceTree = BUILT_PRODUCTS_DIR; };
		D664945A1DA2B9FF000F89D1 /* main.m */ = {isa = PBXFileReference; lastKnownFileType = sourcecode.c.objc; path = main.m; sourceTree = "<group>"; };
		D664945C1DA2B9FF000F89D1 /* AppDelegate.h */ = {isa = PBXFileReference; lastKnownFileType = sourcecode.c.h; path = AppDelegate.h; sourceTree = "<group>"; };
		D664945D1DA2B9FF000F89D1 /* AppDelegate.m */ = {isa = PBXFileReference; lastKnownFileType = sourcecode.c.objc; path = AppDelegate.m; sourceTree = "<group>"; };
		D664945F1DA2B9FF000F89D1 /* ViewController.h */ = {isa = PBXFileReference; lastKnownFileType = sourcecode.c.h; path = ViewController.h; sourceTree = "<group>"; };
		D66494601DA2B9FF000F89D1 /* ViewController.m */ = {isa = PBXFileReference; lastKnownFileType = sourcecode.c.objc; path = ViewController.m; sourceTree = "<group>"; };
		D66494631DA2BA00000F89D1 /* Base */ = {isa = PBXFileReference; lastKnownFileType = file.storyboard; name = Base; path = Base.lproj/Main.storyboard; sourceTree = "<group>"; };
		D66494651DA2BA00000F89D1 /* Assets.xcassets */ = {isa = PBXFileReference; lastKnownFileType = folder.assetcatalog; path = Assets.xcassets; sourceTree = "<group>"; };
		D66494681DA2BA00000F89D1 /* Base */ = {isa = PBXFileReference; lastKnownFileType = file.storyboard; name = Base; path = Base.lproj/LaunchScreen.storyboard; sourceTree = "<group>"; };
		D664946A1DA2BA00000F89D1 /* Info.plist */ = {isa = PBXFileReference; lastKnownFileType = text.plist.xml; path = Info.plist; sourceTree = "<group>"; };
		D66494711DA2CA14000F89D1 /* CoreGraphics.framework */ = {isa = PBXFileReference; lastKnownFileType = wrapper.framework; name = CoreGraphics.framework; path = System/Library/Frameworks/CoreGraphics.framework; sourceTree = SDKROOT; };
		D66494731DA2CA4F000F89D1 /* UIKit.framework */ = {isa = PBXFileReference; lastKnownFileType = wrapper.framework; name = UIKit.framework; path = System/Library/Frameworks/UIKit.framework; sourceTree = SDKROOT; };
/* End PBXFileReference section */

/* Begin PBXFrameworksBuildPhase section */
		D66494531DA2B9FF000F89D1 /* Frameworks */ = {
			isa = PBXFrameworksBuildPhase;
			buildActionMask = 2147483647;
			files = (
				D66494741DA2CA4F000F89D1 /* UIKit.framework in Frameworks */,
				D66494721DA2CA14000F89D1 /* CoreGraphics.framework in Frameworks */,
			);
			runOnlyForDeploymentPostprocessing = 0;
		};
/* End PBXFrameworksBuildPhase section */

/* Begin PBXGroup section */
		D664944D1DA2B9FF000F89D1 = {
			isa = PBXGroup;
			children = (
				D66494581DA2B9FF000F89D1 /* Dizainer */,
				D66494571DA2B9FF000F89D1 /* Products */,
				D66494701DA2CA14000F89D1 /* Frameworks */,
			);
			sourceTree = "<group>";
		};
		D66494571DA2B9FF000F89D1 /* Products */ = {
			isa = PBXGroup;
			children = (
				D66494561DA2B9FF000F89D1 /* Dizainer.app */,
			);
			name = Products;
			sourceTree = "<group>";
		};
		D66494581DA2B9FF000F89D1 /* Dizainer */ = {
			isa = PBXGroup;
			children = (
				D664945C1DA2B9FF000F89D1 /* AppDelegate.h */,
				D664945D1DA2B9FF000F89D1 /* AppDelegate.m */,
				D664945F1DA2B9FF000F89D1 /* ViewController.h */,
				D66494601DA2B9FF000F89D1 /* ViewController.m */,
				D66494621DA2BA00000F89D1 /* Main.storyboard */,
				D66494651DA2BA00000F89D1 /* Assets.xcassets */,
				D66494671DA2BA00000F89D1 /* LaunchScreen.storyboard */,
				D664946A1DA2BA00000F89D1 /* Info.plist */,
				D66494591DA2B9FF000F89D1 /* Supporting Files */,
			);
			path = Dizainer;
			sourceTree = "<group>";
		};
		D66494591DA2B9FF000F89D1 /* Supporting Files */ = {
			isa = PBXGroup;
			children = (
				D664945A1DA2B9FF000F89D1 /* main.m */,
			);
			name = "Supporting Files";
			sourceTree = "<group>";
		};
		D66494701DA2CA14000F89D1 /* Frameworks */ = {
			isa = PBXGroup;
			children = (
				D66494731DA2CA4F000F89D1 /* UIKit.framework */,
				D66494711DA2CA14000F89D1 /* CoreGraphics.framework */,
			);
			name = Frameworks;
			sourceTree = "<group>";
		};
/* End PBXGroup section */

/* Begin PBXNativeTarget section */
		D66494551DA2B9FF000F89D1 /* Dizainer */ = {
			isa = PBXNativeTarget;
			buildConfigurationList = D664946D1DA2BA00000F89D1 /* Build configuration list for PBXNativeTarget "Dizainer" */;
			buildPhases = (
				D66494521DA2B9FF000F89D1 /* Sources */,
				D66494531DA2B9FF000F89D1 /* Frameworks */,
				D66494541DA2B9FF000F89D1 /* Resources */,
			);
			buildRules = (
			);
			dependencies = (
			);
			name = Dizainer;
			productName = Dizainer;
			productReference = D66494561DA2B9FF000F89D1 /* Dizainer.app */;
			productType = "com.apple.product-type.application";
		};
/* End PBXNativeTarget section */

/* Begin PBXProject section */
		D664944E1DA2B9FF000F89D1 /* Project object */ = {
			isa = PBXProject;
			attributes = {
				LastUpgradeCheck = 0800;
				ORGANIZATIONNAME = UPMC;
				TargetAttributes = {
					D66494551DA2B9FF000F89D1 = {
						CreatedOnToolsVersion = 8.0;
						DevelopmentTeam = L99GSY552M;
						ProvisioningStyle = Automatic;
					};
				};
			};
			buildConfigurationList = D66494511DA2B9FF000F89D1 /* Build configuration list for PBXProject "Dizainer" */;
			compatibilityVersion = "Xcode 3.2";
			developmentRegion = English;
			hasScannedForEncodings = 0;
			knownRegions = (
				en,
				Base,
			);
			mainGroup = D664944D1DA2B9FF000F89D1;
			productRefGroup = D66494571DA2B9FF000F89D1 /* Products */;
			projectDirPath = "";
			projectRoot = "";
			targets = (
				D66494551DA2B9FF000F89D1 /* Dizainer */,
			);
		};
/* End PBXProject section */

/* Begin PBXResourcesBuildPhase section */
		D66494541DA2B9FF000F89D1 /* Resources */ = {
			isa = PBXResourcesBuildPhase;
			buildActionMask = 2147483647;
			files = (
				D66494691DA2BA00000F89D1 /* LaunchScreen.storyboard in Resources */,
				D66494661DA2BA00000F89D1 /* Assets.xcassets in Resources */,
				D66494641DA2BA00000F89D1 /* Main.storyboard in Resources */,
			);
			runOnlyForDeploymentPostprocessing = 0;
		};
/* End PBXResourcesBuildPhase section */

/* Begin PBXSourcesBuildPhase section */
		D66494521DA2B9FF000F89D1 /* Sources */ = {
			isa = PBXSourcesBuildPhase;
			buildActionMask = 2147483647;
			files = (
				D66494611DA2B9FF000F89D1 /* ViewController.m in Sources */,
				D664945E1DA2B9FF000F89D1 /* AppDelegate.m in Sources */,
				D664945B1DA2B9FF000F89D1 /* main.m in Sources */,
			);
			runOnlyForDeploymentPostprocessing = 0;
		};
/* End PBXSourcesBuildPhase section */

/* Begin PBXVariantGroup section */
		D66494621DA2BA00000F89D1 /* Main.storyboard */ = {
			isa = PBXVariantGroup;
			children = (
				D66494631DA2BA00000F89D1 /* Base */,
			);
			name = Main.storyboard;
			sourceTree = "<group>";
		};
		D66494671DA2BA00000F89D1 /* LaunchScreen.storyboard */ = {
			isa = PBXVariantGroup;
			children = (
				D66494681DA2BA00000F89D1 /* Base */,
			);
			name = LaunchScreen.storyboard;
			sourceTree = "<group>";
		};
/* End PBXVariantGroup section */

/* Begin XCBuildConfiguration section */
		D664946B1DA2BA00000F89D1 /* Debug */ = {
			isa = XCBuildConfiguration;
			buildSettings = {
				ALWAYS_SEARCH_USER_PATHS = NO;
				CLANG_ANALYZER_NONNULL = YES;
				CLANG_CXX_LANGUAGE_STANDARD = "gnu++0x";
				CLANG_CXX_LIBRARY = "libc++";
				CLANG_ENABLE_MODULES = NO;
				CLANG_ENABLE_OBJC_ARC = YES;
				CLANG_WARN_BOOL_CONVERSION = YES;
				CLANG_WARN_CONSTANT_CONVERSION = YES;
				CLANG_WARN_DIRECT_OBJC_ISA_USAGE = YES_ERROR;
				CLANG_WARN_DOCUMENTATION_COMMENTS = YES;
				CLANG_WARN_EMPTY_BODY = YES;
				CLANG_WARN_ENUM_CONVERSION = YES;
				CLANG_WARN_INFINITE_RECURSION = YES;
				CLANG_WARN_INT_CONVERSION = YES;
				CLANG_WARN_OBJC_ROOT_CLASS = YES_ERROR;
				CLANG_WARN_SUSPICIOUS_MOVES = YES;
				CLANG_WARN_UNREACHABLE_CODE = YES;
				CLANG_WARN__DUPLICATE_METHOD_MATCH = YES;
				"CODE_SIGN_IDENTITY[sdk=iphoneos*]" = "iPhone Developer";
				COPY_PHASE_STRIP = NO;
				DEBUG_INFORMATION_FORMAT = dwarf;
				ENABLE_STRICT_OBJC_MSGSEND = YES;
				ENABLE_TESTABILITY = YES;
				GCC_C_LANGUAGE_STANDARD = gnu99;
				GCC_DYNAMIC_NO_PIC = NO;
				GCC_NO_COMMON_BLOCKS = YES;
				GCC_OPTIMIZATION_LEVEL = 0;
				GCC_PREPROCESSOR_DEFINITIONS = (
					"DEBUG=1",
					"$(inherited)",
				);
				GCC_WARN_64_TO_32_BIT_CONVERSION = YES;
				GCC_WARN_ABOUT_RETURN_TYPE = YES_ERROR;
				GCC_WARN_UNDECLARED_SELECTOR = YES;
				GCC_WARN_UNINITIALIZED_AUTOS = YES_AGGRESSIVE;
				GCC_WARN_UNUSED_FUNCTION = YES;
				GCC_WARN_UNUSED_VARIABLE = YES;
				IPHONEOS_DEPLOYMENT_TARGET = 10.0;
				MTL_ENABLE_DEBUG_INFO = YES;
				ONLY_ACTIVE_ARCH = YES;
				SDKROOT = iphoneos;
				TARGETED_DEVICE_FAMILY = "1,2";
			};
			name = Debug;
		};
		D664946C1DA2BA00000F89D1 /* Release */ = {
			isa = XCBuildConfiguration;
			buildSettings = {
				ALWAYS_SEARCH_USER_PATHS = NO;
				CLANG_ANALYZER_NONNULL = YES;
				CLANG_CXX_LANGUAGE_STANDARD = "gnu++0x";
				CLANG_CXX_LIBRARY = "libc++";
				CLANG_ENABLE_MODULES = NO;
				CLANG_ENABLE_OBJC_ARC = YES;
				CLANG_WARN_BOOL_CONVERSION = YES;
				CLANG_WARN_CONSTANT_CONVERSION = YES;
				CLANG_WARN_DIRECT_OBJC_ISA_USAGE = YES_ERROR;
				CLANG_WARN_DOCUMENTATION_COMMENTS = YES;
				CLANG_WARN_EMPTY_BODY = YES;
				CLANG_WARN_ENUM_CONVERSION = YES;
				CLANG_WARN_INFINITE_RECURSION = YES;
				CLANG_WARN_INT_CONVERSION = YES;
				CLANG_WARN_OBJC_ROOT_CLASS = YES_ERROR;
				CLANG_WARN_SUSPICIOUS_MOVES = YES;
				CLANG_WARN_UNREACHABLE_CODE = YES;
				CLANG_WARN__DUPLICATE_METHOD_MATCH = YES;
				"CODE_SIGN_IDENTITY[sdk=iphoneos*]" = "iPhone Developer";
				COPY_PHASE_STRIP = NO;
				DEBUG_INFORMATION_FORMAT = "dwarf-with-dsym";
				ENABLE_NS_ASSERTIONS = NO;
				ENABLE_STRICT_OBJC_MSGSEND = YES;
				GCC_C_LANGUAGE_STANDARD = gnu99;
				GCC_NO_COMMON_BLOCKS = YES;
				GCC_WARN_64_TO_32_BIT_CONVERSION = YES;
				GCC_WARN_ABOUT_RETURN_TYPE = YES_ERROR;
				GCC_WARN_UNDECLARED_SELECTOR = YES;
				GCC_WARN_UNINITIALIZED_AUTOS = YES_AGGRESSIVE;
				GCC_WARN_UNUSED_FUNCTION = YES;
				GCC_WARN_UNUSED_VARIABLE = YES;
				IPHONEOS_DEPLOYMENT_TARGET = 10.0;
				MTL_ENABLE_DEBUG_INFO = NO;
				SDKROOT = iphoneos;
				TARGETED_DEVICE_FAMILY = "1,2";
				VALIDATE_PRODUCT = YES;
			};
			name = Release;
		};
		D664946E1DA2BA00000F89D1 /* Debug */ = {
			isa = XCBuildConfiguration;
			buildSettings = {
				ASSETCATALOG_COMPILER_APPICON_NAME = AppIcon;
				DEVELOPMENT_TEAM = L99GSY552M;
				INFOPLIST_FILE = Dizainer/Info.plist;
				LD_RUNPATH_SEARCH_PATHS = "$(inherited) @executable_path/Frameworks";
				PRODUCT_BUNDLE_IDENTIFIER = fr.upmc.sar.Dizainer;
				PRODUCT_NAME = "$(TARGET_NAME)";
			};
			name = Debug;
		};
		D664946F1DA2BA00000F89D1 /* Release */ = {
			isa = XCBuildConfiguration;
			buildSettings = {
				ASSETCATALOG_COMPILER_APPICON_NAME = AppIcon;
				DEVELOPMENT_TEAM = L99GSY552M;
				INFOPLIST_FILE = Dizainer/Info.plist;
				LD_RUNPATH_SEARCH_PATHS = "$(inherited) @executable_path/Frameworks";
				PRODUCT_BUNDLE_IDENTIFIER = fr.upmc.sar.Dizainer;
				PRODUCT_NAME = "$(TARGET_NAME)";
			};
			name = Release;
		};
/* End XCBuildConfiguration section */

/* Begin XCConfigurationList section */
		D66494511DA2B9FF000F89D1 /* Build configuration list for PBXProject "Dizainer" */ = {
			isa = XCConfigurationList;
			buildConfigurations = (
				D664946B1DA2BA00000F89D1 /* Debug */,
				D664946C1DA2BA00000F89D1 /* Release */,
			);
			defaultConfigurationIsVisible = 0;
			defaultConfigurationName = Release;
		};
		D664946D1DA2BA00000F89D1 /* Build configuration list for PBXNativeTarget "Dizainer" */ = {
			isa = XCConfigurationList;
			buildConfigurations = (
				D664946E1DA2BA00000F89D1 /* Debug */,
				D664946F1DA2BA00000F89D1 /* Release */,
			);
			defaultConfigurationIsVisible = 0;
		};
/* End XCConfigurationList section */
	};
	rootObject = D664944E1DA2B9FF000F89D1 /* Project object */;
}
